
Microsoft Visual Studio Solution File, Format Version 12.00
# Visual Studio Version 17
VisualStudioVersion = 17.14.36518.9 d17.14
MinimumVisualStudioVersion = 10.0.40219.1
Project("{FAE04EC0-301F-11D3-BF4B-00C04F79EFBC}") = "Claptrap", "Claptrap\Claptrap.csproj", "{3907858B-82BF-454A-A083-38FC9311F1F2}"
EndProject
Global
	GlobalSection(SolutionConfigurationPlatforms) = preSolution
		Debug|x64 = Debug|x64
		Release|x64 = Release|x64
	EndGlobalSection
	GlobalSection(ProjectConfigurationPlatforms) = postSolution
		{3907858B-82BF-454A-A083-38FC9311F1F2}.Debug|x64.ActiveCfg = Debug|x64
		{3907858B-82BF-454A-A083-38FC9311F1F2}.Debug|x64.Build.0 = Debug|x64
		{3907858B-82BF-454A-A083-38FC9311F1F2}.Release|x64.ActiveCfg = Release|x64
		{3907858B-82BF-454A-A083-38FC9311F1F2}.Release|x64.Build.0 = Release|x64
	EndGlobalSection
	GlobalSection(SolutionProperties) = preSolution
		HideSolutionNode = FALSE
	EndGlobalSection
	GlobalSection(ExtensibilityGlobals) = postSolution
		SolutionGuid = {0917FC5A-7619-4B74-83E6-24354348CD3B}
	EndGlobalSection
EndGlobal
