
Microsoft Visual Studio Solution File, Format Version 12.00
# Visual Studio Version 17
VisualStudioVersion = 17.13.35818.85
MinimumVisualStudioVersion = 10.0.40219.1
Project("{FAE04EC0-301F-11D3-BF4B-00C04F79EFBC}") = "Mdk.NavigationTest", "Mdk.NavigationTest\Mdk.NavigationTest.csproj", "{975A842E-3E1A-4A7B-AAD4-268BDA9E320F}"
EndProject
Project("{D954291E-2A0B-460D-934E-DC6B0785DB48}") = "Mdk.Navigation", "..\..\Mixin\Mdk.Navigation\Mdk.Navigation.shproj", "{8A3CDCC5-4B55-4D87-A415-698A0E1FF06F}"
EndProject
Project("{D954291E-2A0B-460D-934E-DC6B0785DB48}") = "Mdk.StateMachine", "..\..\Mixin\Mdk.StateMachine\Mdk.StateMachine.shproj", "{1C3F7317-7C4A-4A29-A1FC-EF6294D9807A}"
EndProject
Project("{2150E333-8FDC-42A3-9474-1A3956D46DE8}") = "Mixin", "Mixin", "{02EA681E-C7D8-13C7-8484-4AC65E1B71E8}"
EndProject
Project("{D954291E-2A0B-460D-934E-DC6B0785DB48}") = "Mdk.CustomDataConnector", "..\..\Mixin\Mdk.CustomDataConnector\Mdk.CustomDataConnector.shproj", "{20273712-5FDE-4021-AA70-EDF2506E507C}"
EndProject
Global
	GlobalSection(SolutionConfigurationPlatforms) = preSolution
		Debug|x64 = Debug|x64
		Release|x64 = Release|x64
	EndGlobalSection
	GlobalSection(ProjectConfigurationPlatforms) = postSolution
		{975A842E-3E1A-4A7B-AAD4-268BDA9E320F}.Debug|x64.ActiveCfg = Debug|x64
		{975A842E-3E1A-4A7B-AAD4-268BDA9E320F}.Debug|x64.Build.0 = Debug|x64
		{975A842E-3E1A-4A7B-AAD4-268BDA9E320F}.Release|x64.ActiveCfg = Release|x64
		{975A842E-3E1A-4A7B-AAD4-268BDA9E320F}.Release|x64.Build.0 = Release|x64
	EndGlobalSection
	GlobalSection(SolutionProperties) = preSolution
		HideSolutionNode = FALSE
	EndGlobalSection
	GlobalSection(NestedProjects) = preSolution
		{8A3CDCC5-4B55-4D87-A415-698A0E1FF06F} = {02EA681E-C7D8-13C7-8484-4AC65E1B71E8}
		{1C3F7317-7C4A-4A29-A1FC-EF6294D9807A} = {02EA681E-C7D8-13C7-8484-4AC65E1B71E8}
		{20273712-5FDE-4021-AA70-EDF2506E507C} = {02EA681E-C7D8-13C7-8484-4AC65E1B71E8}
	EndGlobalSection
	GlobalSection(ExtensibilityGlobals) = postSolution
		SolutionGuid = {78712D37-6BD5-4FCA-AC1D-63E89EFC1094}
	EndGlobalSection
	GlobalSection(SharedMSBuildProjectFiles) = preSolution
		..\..\Mixin\Mdk.StateMachine\Mdk.StateMachine.projitems*{1c3f7317-7c4a-4a29-a1fc-ef6294d9807a}*SharedItemsImports = 13
		..\..\Mixin\Mdk.CustomDataConnector\Mdk.CustomDataConnector.projitems*{20273712-5fde-4021-aa70-edf2506e507c}*SharedItemsImports = 13
		..\..\Mixin\Mdk.Navigation\Mdk.Navigation.projitems*{8a3cdcc5-4b55-4d87-a415-698a0e1ff06f}*SharedItemsImports = 13
		..\..\Mixin\Mdk.CustomDataConnector\Mdk.CustomDataConnector.projitems*{975a842e-3e1a-4a7b-aad4-268bda9e320f}*SharedItemsImports = 5
		..\..\Mixin\Mdk.Navigation\Mdk.Navigation.projitems*{975a842e-3e1a-4a7b-aad4-268bda9e320f}*SharedItemsImports = 5
		..\..\Mixin\Mdk.StateMachine\Mdk.StateMachine.projitems*{975a842e-3e1a-4a7b-aad4-268bda9e320f}*SharedItemsImports = 5
	EndGlobalSection
EndGlobal
